
Microsoft Visual Studio Solution File, Format Version 12.00
# Visual Studio Version 17
VisualStudioVersion = 17.7.34003.232
MinimumVisualStudioVersion = 10.0.40219.1
Project("{FAE04EC0-301F-11D3-BF4B-00C04F79EFBC}") = "ExercicioLacosdeRepet", "ExercicioLacosdeRepet.csproj", "{3A73CBE3-E7F0-4693-B3C6-55DAC36C22E3}"
EndProject
Global
	GlobalSection(SolutionConfigurationPlatforms) = preSolution
		Debug|Any CPU = Debug|Any CPU
		Release|Any CPU = Release|Any CPU
	EndGlobalSection
	GlobalSection(ProjectConfigurationPlatforms) = postSolution
		{3A73CBE3-E7F0-4693-B3C6-55DAC36C22E3}.Debug|Any CPU.ActiveCfg = Debug|Any CPU
		{3A73CBE3-E7F0-4693-B3C6-55DAC36C22E3}.Debug|Any CPU.Build.0 = Debug|Any CPU
		{3A73CBE3-E7F0-4693-B3C6-55DAC36C22E3}.Release|Any CPU.ActiveCfg = Release|Any CPU
		{3A73CBE3-E7F0-4693-B3C6-55DAC36C22E3}.Release|Any CPU.Build.0 = Release|Any CPU
	EndGlobalSection
	GlobalSection(SolutionProperties) = preSolution
		HideSolutionNode = FALSE
	EndGlobalSection
	GlobalSection(ExtensibilityGlobals) = postSolution
		SolutionGuid = {5080D401-AF10-4811-8C39-FB2565216DB7}
	EndGlobalSection
EndGlobal
